// !$*UTF8*$!
{
	archiveVersion = 1;
	classes = {
	};
	objectVersion = 55;
	objects = {

/* Begin PBXBuildFile section */
		7A20743927CA7E3C0078180C /* ExpenseTracker.xcdatamodeld in Sources */ = {isa = PBXBuildFile; fileRef = 7A20743727CA7E3C0078180C /* ExpenseTracker.xcdatamodeld */; };
		7A20743D27CA93840078180C /* ExpenseFormView.swift in Sources */ = {isa = PBXBuildFile; fileRef = 7A20743C27CA93840078180C /* ExpenseFormView.swift */; };
		7A20743F27CA94DC0078180C /* NumbersOnly.swift in Sources */ = {isa = PBXBuildFile; fileRef = 7A20743E27CA94DC0078180C /* NumbersOnly.swift */; };
		7A26469127C3E8DD0059EA2F /* EmojiFetcher.swift in Sources */ = {isa = PBXBuildFile; fileRef = 7A26469027C3E8DD0059EA2F /* EmojiFetcher.swift */; };
		7A26469327C3EF150059EA2F /* Emoji.swift in Sources */ = {isa = PBXBuildFile; fileRef = 7A26469227C3EF150059EA2F /* Emoji.swift */; };
		7A26469627C3F8480059EA2F /* EmojiFormatter.swift in Sources */ = {isa = PBXBuildFile; fileRef = 7A26469527C3F8480059EA2F /* EmojiFormatter.swift */; };
		7A2CEBA127C5486300D30EF9 /* EmojiCell.swift in Sources */ = {isa = PBXBuildFile; fileRef = 7A2CEBA027C5486300D30EF9 /* EmojiCell.swift */; };
		7A2CEBA327C54B4D00D30EF9 /* EmojiCollection.swift in Sources */ = {isa = PBXBuildFile; fileRef = 7A2CEBA227C54B4D00D30EF9 /* EmojiCollection.swift */; };
		7A63CB3A27C8DFF700CA39AB /* Expense.swift in Sources */ = {isa = PBXBuildFile; fileRef = 7A63CB3927C8DFF700CA39AB /* Expense.swift */; };
		7A65EE2127C011560010E174 /* HomeTabView.swift in Sources */ = {isa = PBXBuildFile; fileRef = 7A65EE2027C011560010E174 /* HomeTabView.swift */; };
		7A65EE2327C015B80010E174 /* SettingsTabView.swift in Sources */ = {isa = PBXBuildFile; fileRef = 7A65EE2227C015B80010E174 /* SettingsTabView.swift */; };
		7A65EE2527C015E00010E174 /* CategoriesTabView.swift in Sources */ = {isa = PBXBuildFile; fileRef = 7A65EE2427C015E00010E174 /* CategoriesTabView.swift */; };
		7A83B91127C3D8F2007A9A54 /* NewCategoryView.swift in Sources */ = {isa = PBXBuildFile; fileRef = 7A83B91027C3D8F2007A9A54 /* NewCategoryView.swift */; };
		7AB0EA2427CACD5E00EDC5DA /* ExpenseViewModel.swift in Sources */ = {isa = PBXBuildFile; fileRef = 7AB0EA2327CACD5E00EDC5DA /* ExpenseViewModel.swift */; };
		7AB482A927CBCDEC00003A47 /* ExpenseModel.swift in Sources */ = {isa = PBXBuildFile; fileRef = 7AB482A827CBCDEC00003A47 /* ExpenseModel.swift */; };
		7ABF6A7C27C17653000B4A3C /* ExpenseCategory.swift in Sources */ = {isa = PBXBuildFile; fileRef = 7ABF6A7B27C17653000B4A3C /* ExpenseCategory.swift */; };
		7ADDB21327C2E3D300443E25 /* CoreDataManager.swift in Sources */ = {isa = PBXBuildFile; fileRef = 7ADDB21227C2E3D300443E25 /* CoreDataManager.swift */; };
		7ADDB21527C2E54B00443E25 /* CategoryViewModel.swift in Sources */ = {isa = PBXBuildFile; fileRef = 7ADDB21427C2E54B00443E25 /* CategoryViewModel.swift */; };
		7AE18D6927BFB1E100F120D6 /* ExpenseTrackerApp.swift in Sources */ = {isa = PBXBuildFile; fileRef = 7AE18D6827BFB1E100F120D6 /* ExpenseTrackerApp.swift */; };
		7AE18D6B27BFB1E100F120D6 /* ContentView.swift in Sources */ = {isa = PBXBuildFile; fileRef = 7AE18D6A27BFB1E100F120D6 /* ContentView.swift */; };
		7AE18D6D27BFB1EF00F120D6 /* Assets.xcassets in Resources */ = {isa = PBXBuildFile; fileRef = 7AE18D6C27BFB1EF00F120D6 /* Assets.xcassets */; };
		7AE18D7027BFB1EF00F120D6 /* Preview Assets.xcassets in Resources */ = {isa = PBXBuildFile; fileRef = 7AE18D6F27BFB1EF00F120D6 /* Preview Assets.xcassets */; };
		7AE18D7F27BFB1F000F120D6 /* ExpenseTrackerTests.swift in Sources */ = {isa = PBXBuildFile; fileRef = 7AE18D7E27BFB1F000F120D6 /* ExpenseTrackerTests.swift */; };
		7AE18D8927BFB1F000F120D6 /* ExpenseTrackerUITests.swift in Sources */ = {isa = PBXBuildFile; fileRef = 7AE18D8827BFB1F000F120D6 /* ExpenseTrackerUITests.swift */; };
		7AE18D8B27BFB1F000F120D6 /* ExpenseTrackerUITestsLaunchTests.swift in Sources */ = {isa = PBXBuildFile; fileRef = 7AE18D8A27BFB1F000F120D6 /* ExpenseTrackerUITestsLaunchTests.swift */; };
		7AE18D9B27BFBDA300F120D6 /* Constants.swift in Sources */ = {isa = PBXBuildFile; fileRef = 7AE18D9A27BFBDA300F120D6 /* Constants.swift */; };
/* End PBXBuildFile section */

/* Begin PBXContainerItemProxy section */
		7AE18D7B27BFB1F000F120D6 /* PBXContainerItemProxy */ = {
			isa = PBXContainerItemProxy;
			containerPortal = 7AE18D5D27BFB1E100F120D6 /* Project object */;
			proxyType = 1;
			remoteGlobalIDString = 7AE18D6427BFB1E100F120D6;
			remoteInfo = ExpenseTracker;
		};
		7AE18D8527BFB1F000F120D6 /* PBXContainerItemProxy */ = {
			isa = PBXContainerItemProxy;
			containerPortal = 7AE18D5D27BFB1E100F120D6 /* Project object */;
			proxyType = 1;
			remoteGlobalIDString = 7AE18D6427BFB1E100F120D6;
			remoteInfo = ExpenseTracker;
		};
/* End PBXContainerItemProxy section */

/* Begin PBXFileReference section */
		7A20743827CA7E3C0078180C /* ExpenseTracker.xcdatamodel */ = {isa = PBXFileReference; lastKnownFileType = wrapper.xcdatamodel; path = ExpenseTracker.xcdatamodel; sourceTree = "<group>"; };
		7A20743C27CA93840078180C /* ExpenseFormView.swift */ = {isa = PBXFileReference; lastKnownFileType = sourcecode.swift; path = ExpenseFormView.swift; sourceTree = "<group>"; };
		7A20743E27CA94DC0078180C /* NumbersOnly.swift */ = {isa = PBXFileReference; lastKnownFileType = sourcecode.swift; path = NumbersOnly.swift; sourceTree = "<group>"; };
		7A26469027C3E8DD0059EA2F /* EmojiFetcher.swift */ = {isa = PBXFileReference; lastKnownFileType = sourcecode.swift; path = EmojiFetcher.swift; sourceTree = "<group>"; };
		7A26469227C3EF150059EA2F /* Emoji.swift */ = {isa = PBXFileReference; lastKnownFileType = sourcecode.swift; path = Emoji.swift; sourceTree = "<group>"; };
		7A26469527C3F8480059EA2F /* EmojiFormatter.swift */ = {isa = PBXFileReference; lastKnownFileType = sourcecode.swift; path = EmojiFormatter.swift; sourceTree = "<group>"; };
		7A2CEBA027C5486300D30EF9 /* EmojiCell.swift */ = {isa = PBXFileReference; lastKnownFileType = sourcecode.swift; path = EmojiCell.swift; sourceTree = "<group>"; };
		7A2CEBA227C54B4D00D30EF9 /* EmojiCollection.swift */ = {isa = PBXFileReference; lastKnownFileType = sourcecode.swift; path = EmojiCollection.swift; sourceTree = "<group>"; };
		7A63CB3927C8DFF700CA39AB /* Expense.swift */ = {isa = PBXFileReference; lastKnownFileType = sourcecode.swift; path = Expense.swift; sourceTree = "<group>"; };
		7A65EE2027C011560010E174 /* HomeTabView.swift */ = {isa = PBXFileReference; lastKnownFileType = sourcecode.swift; path = HomeTabView.swift; sourceTree = "<group>"; };
		7A65EE2227C015B80010E174 /* SettingsTabView.swift */ = {isa = PBXFileReference; lastKnownFileType = sourcecode.swift; path = SettingsTabView.swift; sourceTree = "<group>"; };
		7A65EE2427C015E00010E174 /* CategoriesTabView.swift */ = {isa = PBXFileReference; lastKnownFileType = sourcecode.swift; path = CategoriesTabView.swift; sourceTree = "<group>"; };
		7A83B91027C3D8F2007A9A54 /* NewCategoryView.swift */ = {isa = PBXFileReference; lastKnownFileType = sourcecode.swift; path = NewCategoryView.swift; sourceTree = "<group>"; };
		7AB0EA2327CACD5E00EDC5DA /* ExpenseViewModel.swift */ = {isa = PBXFileReference; lastKnownFileType = sourcecode.swift; path = ExpenseViewModel.swift; sourceTree = "<group>"; };
		7AB482A827CBCDEC00003A47 /* ExpenseModel.swift */ = {isa = PBXFileReference; lastKnownFileType = sourcecode.swift; path = ExpenseModel.swift; sourceTree = "<group>"; };
		7ABF6A7B27C17653000B4A3C /* ExpenseCategory.swift */ = {isa = PBXFileReference; lastKnownFileType = sourcecode.swift; path = ExpenseCategory.swift; sourceTree = "<group>"; };
		7ADDB21227C2E3D300443E25 /* CoreDataManager.swift */ = {isa = PBXFileReference; lastKnownFileType = sourcecode.swift; path = CoreDataManager.swift; sourceTree = "<group>"; };
		7ADDB21427C2E54B00443E25 /* CategoryViewModel.swift */ = {isa = PBXFileReference; lastKnownFileType = sourcecode.swift; path = CategoryViewModel.swift; sourceTree = "<group>"; };
		7AE18D6527BFB1E100F120D6 /* ExpenseTracker.app */ = {isa = PBXFileReference; explicitFileType = wrapper.application; includeInIndex = 0; path = ExpenseTracker.app; sourceTree = BUILT_PRODUCTS_DIR; };
		7AE18D6827BFB1E100F120D6 /* ExpenseTrackerApp.swift */ = {isa = PBXFileReference; lastKnownFileType = sourcecode.swift; path = ExpenseTrackerApp.swift; sourceTree = "<group>"; };
		7AE18D6A27BFB1E100F120D6 /* ContentView.swift */ = {isa = PBXFileReference; lastKnownFileType = sourcecode.swift; path = ContentView.swift; sourceTree = "<group>"; };
		7AE18D6C27BFB1EF00F120D6 /* Assets.xcassets */ = {isa = PBXFileReference; lastKnownFileType = folder.assetcatalog; path = Assets.xcassets; sourceTree = "<group>"; };
		7AE18D6F27BFB1EF00F120D6 /* Preview Assets.xcassets */ = {isa = PBXFileReference; lastKnownFileType = folder.assetcatalog; path = "Preview Assets.xcassets"; sourceTree = "<group>"; };
		7AE18D7A27BFB1F000F120D6 /* ExpenseTrackerTests.xctest */ = {isa = PBXFileReference; explicitFileType = wrapper.cfbundle; includeInIndex = 0; path = ExpenseTrackerTests.xctest; sourceTree = BUILT_PRODUCTS_DIR; };
		7AE18D7E27BFB1F000F120D6 /* ExpenseTrackerTests.swift */ = {isa = PBXFileReference; lastKnownFileType = sourcecode.swift; path = ExpenseTrackerTests.swift; sourceTree = "<group>"; };
		7AE18D8427BFB1F000F120D6 /* ExpenseTrackerUITests.xctest */ = {isa = PBXFileReference; explicitFileType = wrapper.cfbundle; includeInIndex = 0; path = ExpenseTrackerUITests.xctest; sourceTree = BUILT_PRODUCTS_DIR; };
		7AE18D8827BFB1F000F120D6 /* ExpenseTrackerUITests.swift */ = {isa = PBXFileReference; lastKnownFileType = sourcecode.swift; path = ExpenseTrackerUITests.swift; sourceTree = "<group>"; };
		7AE18D8A27BFB1F000F120D6 /* ExpenseTrackerUITestsLaunchTests.swift */ = {isa = PBXFileReference; lastKnownFileType = sourcecode.swift; path = ExpenseTrackerUITestsLaunchTests.swift; sourceTree = "<group>"; };
		7AE18D9A27BFBDA300F120D6 /* Constants.swift */ = {isa = PBXFileReference; lastKnownFileType = sourcecode.swift; path = Constants.swift; sourceTree = "<group>"; };
/* End PBXFileReference section */

/* Begin PBXFrameworksBuildPhase section */
		7AE18D6227BFB1E100F120D6 /* Frameworks */ = {
			isa = PBXFrameworksBuildPhase;
			buildActionMask = 2147483647;
			files = (
			);
			runOnlyForDeploymentPostprocessing = 0;
		};
		7AE18D7727BFB1F000F120D6 /* Frameworks */ = {
			isa = PBXFrameworksBuildPhase;
			buildActionMask = 2147483647;
			files = (
			);
			runOnlyForDeploymentPostprocessing = 0;
		};
		7AE18D8127BFB1F000F120D6 /* Frameworks */ = {
			isa = PBXFrameworksBuildPhase;
			buildActionMask = 2147483647;
			files = (
			);
			runOnlyForDeploymentPostprocessing = 0;
		};
/* End PBXFrameworksBuildPhase section */

/* Begin PBXGroup section */
		7A20743A27CA93230078180C /* CategoryViews */ = {
			isa = PBXGroup;
			children = (
				7A2CEBA227C54B4D00D30EF9 /* EmojiCollection.swift */,
				7A2CEBA027C5486300D30EF9 /* EmojiCell.swift */,
				7A83B91027C3D8F2007A9A54 /* NewCategoryView.swift */,
				7A65EE2427C015E00010E174 /* CategoriesTabView.swift */,
			);
			path = CategoryViews;
			sourceTree = "<group>";
		};
		7A20743B27CA933C0078180C /* ExpenseViews */ = {
			isa = PBXGroup;
			children = (
				7A20743C27CA93840078180C /* ExpenseFormView.swift */,
			);
			path = ExpenseViews;
			sourceTree = "<group>";
		};
		7A26469427C3F8330059EA2F /* Utils */ = {
			isa = PBXGroup;
			children = (
				7A26469527C3F8480059EA2F /* EmojiFormatter.swift */,
				7A20743E27CA94DC0078180C /* NumbersOnly.swift */,
			);
			path = Utils;
			sourceTree = "<group>";
		};
		7A63CB3727C8DF6F00CA39AB /* Network */ = {
			isa = PBXGroup;
			children = (
				7A26469027C3E8DD0059EA2F /* EmojiFetcher.swift */,
			);
			path = Network;
			sourceTree = "<group>";
		};
		7A63CB3827C8DF9200CA39AB /* CoreData */ = {
			isa = PBXGroup;
			children = (
				7ADDB21227C2E3D300443E25 /* CoreDataManager.swift */,
			);
			path = CoreData;
			sourceTree = "<group>";
		};
		7ABF6A7A27C175CA000B4A3C /* Model */ = {
			isa = PBXGroup;
			children = (
				7A63CB3827C8DF9200CA39AB /* CoreData */,
				7A63CB3727C8DF6F00CA39AB /* Network */,
				7ABF6A7B27C17653000B4A3C /* ExpenseCategory.swift */,
				7A26469227C3EF150059EA2F /* Emoji.swift */,
				7A63CB3927C8DFF700CA39AB /* Expense.swift */,
				7AB482A827CBCDEC00003A47 /* ExpenseModel.swift */,
			);
			path = Model;
			sourceTree = "<group>";
		};
		7ADDB21627C2E55D00443E25 /* ViewModel */ = {
			isa = PBXGroup;
			children = (
				7ADDB21427C2E54B00443E25 /* CategoryViewModel.swift */,
				7AB0EA2327CACD5E00EDC5DA /* ExpenseViewModel.swift */,
			);
			path = ViewModel;
			sourceTree = "<group>";
		};
		7AE18D5C27BFB1E100F120D6 = {
			isa = PBXGroup;
			children = (
				7AE18D6727BFB1E100F120D6 /* ExpenseTracker */,
				7AE18D7D27BFB1F000F120D6 /* ExpenseTrackerTests */,
				7AE18D8727BFB1F000F120D6 /* ExpenseTrackerUITests */,
				7AE18D6627BFB1E100F120D6 /* Products */,
			);
			sourceTree = "<group>";
		};
		7AE18D6627BFB1E100F120D6 /* Products */ = {
			isa = PBXGroup;
			children = (
				7AE18D6527BFB1E100F120D6 /* ExpenseTracker.app */,
				7AE18D7A27BFB1F000F120D6 /* ExpenseTrackerTests.xctest */,
				7AE18D8427BFB1F000F120D6 /* ExpenseTrackerUITests.xctest */,
			);
			name = Products;
			sourceTree = "<group>";
		};
		7AE18D6727BFB1E100F120D6 /* ExpenseTracker */ = {
			isa = PBXGroup;
			children = (
				7A20743727CA7E3C0078180C /* ExpenseTracker.xcdatamodeld */,
				7A26469427C3F8330059EA2F /* Utils */,
				7ADDB21627C2E55D00443E25 /* ViewModel */,
				7ABF6A7A27C175CA000B4A3C /* Model */,
				7AE18D9727BFBD5200F120D6 /* Views */,
				7AE18D6827BFB1E100F120D6 /* ExpenseTrackerApp.swift */,
				7AE18D6C27BFB1EF00F120D6 /* Assets.xcassets */,
				7AE18D6E27BFB1EF00F120D6 /* Preview Content */,
				7AE18D9A27BFBDA300F120D6 /* Constants.swift */,
			);
			path = ExpenseTracker;
			sourceTree = "<group>";
		};
		7AE18D6E27BFB1EF00F120D6 /* Preview Content */ = {
			isa = PBXGroup;
			children = (
				7AE18D6F27BFB1EF00F120D6 /* Preview Assets.xcassets */,
			);
			path = "Preview Content";
			sourceTree = "<group>";
		};
		7AE18D7D27BFB1F000F120D6 /* ExpenseTrackerTests */ = {
			isa = PBXGroup;
			children = (
				7AE18D7E27BFB1F000F120D6 /* ExpenseTrackerTests.swift */,
			);
			path = ExpenseTrackerTests;
			sourceTree = "<group>";
		};
		7AE18D8727BFB1F000F120D6 /* ExpenseTrackerUITests */ = {
			isa = PBXGroup;
			children = (
				7AE18D8827BFB1F000F120D6 /* ExpenseTrackerUITests.swift */,
				7AE18D8A27BFB1F000F120D6 /* ExpenseTrackerUITestsLaunchTests.swift */,
			);
			path = ExpenseTrackerUITests;
			sourceTree = "<group>";
		};
		7AE18D9727BFBD5200F120D6 /* Views */ = {
			isa = PBXGroup;
			children = (
				7A20743B27CA933C0078180C /* ExpenseViews */,
				7A20743A27CA93230078180C /* CategoryViews */,
				7AE18D6A27BFB1E100F120D6 /* ContentView.swift */,
				7A65EE2027C011560010E174 /* HomeTabView.swift */,
				7A65EE2227C015B80010E174 /* SettingsTabView.swift */,
			);
			path = Views;
			sourceTree = "<group>";
		};
/* End PBXGroup section */

/* Begin PBXNativeTarget section */
		7AE18D6427BFB1E100F120D6 /* ExpenseTracker */ = {
			isa = PBXNativeTarget;
			buildConfigurationList = 7AE18D8E27BFB1F000F120D6 /* Build configuration list for PBXNativeTarget "ExpenseTracker" */;
			buildPhases = (
				7AE18D6127BFB1E100F120D6 /* Sources */,
				7AE18D6227BFB1E100F120D6 /* Frameworks */,
				7AE18D6327BFB1E100F120D6 /* Resources */,
			);
			buildRules = (
			);
			dependencies = (
			);
			name = ExpenseTracker;
			productName = ExpenseTracker;
			productReference = 7AE18D6527BFB1E100F120D6 /* ExpenseTracker.app */;
			productType = "com.apple.product-type.application";
		};
		7AE18D7927BFB1F000F120D6 /* ExpenseTrackerTests */ = {
			isa = PBXNativeTarget;
			buildConfigurationList = 7AE18D9127BFB1F000F120D6 /* Build configuration list for PBXNativeTarget "ExpenseTrackerTests" */;
			buildPhases = (
				7AE18D7627BFB1F000F120D6 /* Sources */,
				7AE18D7727BFB1F000F120D6 /* Frameworks */,
				7AE18D7827BFB1F000F120D6 /* Resources */,
			);
			buildRules = (
			);
			dependencies = (
				7AE18D7C27BFB1F000F120D6 /* PBXTargetDependency */,
			);
			name = ExpenseTrackerTests;
			productName = ExpenseTrackerTests;
			productReference = 7AE18D7A27BFB1F000F120D6 /* ExpenseTrackerTests.xctest */;
			productType = "com.apple.product-type.bundle.unit-test";
		};
		7AE18D8327BFB1F000F120D6 /* ExpenseTrackerUITests */ = {
			isa = PBXNativeTarget;
			buildConfigurationList = 7AE18D9427BFB1F000F120D6 /* Build configuration list for PBXNativeTarget "ExpenseTrackerUITests" */;
			buildPhases = (
				7AE18D8027BFB1F000F120D6 /* Sources */,
				7AE18D8127BFB1F000F120D6 /* Frameworks */,
				7AE18D8227BFB1F000F120D6 /* Resources */,
			);
			buildRules = (
			);
			dependencies = (
				7AE18D8627BFB1F000F120D6 /* PBXTargetDependency */,
			);
			name = ExpenseTrackerUITests;
			productName = ExpenseTrackerUITests;
			productReference = 7AE18D8427BFB1F000F120D6 /* ExpenseTrackerUITests.xctest */;
			productType = "com.apple.product-type.bundle.ui-testing";
		};
/* End PBXNativeTarget section */

/* Begin PBXProject section */
		7AE18D5D27BFB1E100F120D6 /* Project object */ = {
			isa = PBXProject;
			attributes = {
				BuildIndependentTargetsInParallel = 1;
				LastSwiftUpdateCheck = 1320;
				LastUpgradeCheck = 1320;
				TargetAttributes = {
					7AE18D6427BFB1E100F120D6 = {
						CreatedOnToolsVersion = 13.2.1;
					};
					7AE18D7927BFB1F000F120D6 = {
						CreatedOnToolsVersion = 13.2.1;
						TestTargetID = 7AE18D6427BFB1E100F120D6;
					};
					7AE18D8327BFB1F000F120D6 = {
						CreatedOnToolsVersion = 13.2.1;
						TestTargetID = 7AE18D6427BFB1E100F120D6;
					};
				};
			};
			buildConfigurationList = 7AE18D6027BFB1E100F120D6 /* Build configuration list for PBXProject "ExpenseTracker" */;
			compatibilityVersion = "Xcode 13.0";
			developmentRegion = en;
			hasScannedForEncodings = 0;
			knownRegions = (
				en,
				Base,
			);
			mainGroup = 7AE18D5C27BFB1E100F120D6;
			productRefGroup = 7AE18D6627BFB1E100F120D6 /* Products */;
			projectDirPath = "";
			projectRoot = "";
			targets = (
				7AE18D6427BFB1E100F120D6 /* ExpenseTracker */,
				7AE18D7927BFB1F000F120D6 /* ExpenseTrackerTests */,
				7AE18D8327BFB1F000F120D6 /* ExpenseTrackerUITests */,
			);
		};
/* End PBXProject section */

/* Begin PBXResourcesBuildPhase section */
		7AE18D6327BFB1E100F120D6 /* Resources */ = {
			isa = PBXResourcesBuildPhase;
			buildActionMask = 2147483647;
			files = (
				7AE18D7027BFB1EF00F120D6 /* Preview Assets.xcassets in Resources */,
				7AE18D6D27BFB1EF00F120D6 /* Assets.xcassets in Resources */,
			);
			runOnlyForDeploymentPostprocessing = 0;
		};
		7AE18D7827BFB1F000F120D6 /* Resources */ = {
			isa = PBXResourcesBuildPhase;
			buildActionMask = 2147483647;
			files = (
			);
			runOnlyForDeploymentPostprocessing = 0;
		};
		7AE18D8227BFB1F000F120D6 /* Resources */ = {
			isa = PBXResourcesBuildPhase;
			buildActionMask = 2147483647;
			files = (
			);
			runOnlyForDeploymentPostprocessing = 0;
		};
/* End PBXResourcesBuildPhase section */

/* Begin PBXSourcesBuildPhase section */
		7AE18D6127BFB1E100F120D6 /* Sources */ = {
			isa = PBXSourcesBuildPhase;
			buildActionMask = 2147483647;
			files = (
				7A2CEBA327C54B4D00D30EF9 /* EmojiCollection.swift in Sources */,
				7A20743F27CA94DC0078180C /* NumbersOnly.swift in Sources */,
				7A65EE2527C015E00010E174 /* CategoriesTabView.swift in Sources */,
				7AE18D6B27BFB1E100F120D6 /* ContentView.swift in Sources */,
				7AE18D6927BFB1E100F120D6 /* ExpenseTrackerApp.swift in Sources */,
				7A20743927CA7E3C0078180C /* ExpenseTracker.xcdatamodeld in Sources */,
				7ADDB21527C2E54B00443E25 /* CategoryViewModel.swift in Sources */,
				7A65EE2327C015B80010E174 /* SettingsTabView.swift in Sources */,
				7A65EE2127C011560010E174 /* HomeTabView.swift in Sources */,
				7A26469127C3E8DD0059EA2F /* EmojiFetcher.swift in Sources */,
				7ABF6A7C27C17653000B4A3C /* ExpenseCategory.swift in Sources */,
				7AE18D9B27BFBDA300F120D6 /* Constants.swift in Sources */,
				7A83B91127C3D8F2007A9A54 /* NewCategoryView.swift in Sources */,
				7AB0EA2427CACD5E00EDC5DA /* ExpenseViewModel.swift in Sources */,
				7A63CB3A27C8DFF700CA39AB /* Expense.swift in Sources */,
				7AB482A927CBCDEC00003A47 /* ExpenseModel.swift in Sources */,
				7A20743D27CA93840078180C /* ExpenseFormView.swift in Sources */,
				7A26469627C3F8480059EA2F /* EmojiFormatter.swift in Sources */,
				7A2CEBA127C5486300D30EF9 /* EmojiCell.swift in Sources */,
				7A26469327C3EF150059EA2F /* Emoji.swift in Sources */,
				7ADDB21327C2E3D300443E25 /* CoreDataManager.swift in Sources */,
			);
			runOnlyForDeploymentPostprocessing = 0;
		};
		7AE18D7627BFB1F000F120D6 /* Sources */ = {
			isa = PBXSourcesBuildPhase;
			buildActionMask = 2147483647;
			files = (
				7AE18D7F27BFB1F000F120D6 /* ExpenseTrackerTests.swift in Sources */,
			);
			runOnlyForDeploymentPostprocessing = 0;
		};
		7AE18D8027BFB1F000F120D6 /* Sources */ = {
			isa = PBXSourcesBuildPhase;
			buildActionMask = 2147483647;
			files = (
				7AE18D8B27BFB1F000F120D6 /* ExpenseTrackerUITestsLaunchTests.swift in Sources */,
				7AE18D8927BFB1F000F120D6 /* ExpenseTrackerUITests.swift in Sources */,
			);
			runOnlyForDeploymentPostprocessing = 0;
		};
/* End PBXSourcesBuildPhase section */

/* Begin PBXTargetDependency section */
		7AE18D7C27BFB1F000F120D6 /* PBXTargetDependency */ = {
			isa = PBXTargetDependency;
			target = 7AE18D6427BFB1E100F120D6 /* ExpenseTracker */;
			targetProxy = 7AE18D7B27BFB1F000F120D6 /* PBXContainerItemProxy */;
		};
		7AE18D8627BFB1F000F120D6 /* PBXTargetDependency */ = {
			isa = PBXTargetDependency;
			target = 7AE18D6427BFB1E100F120D6 /* ExpenseTracker */;
			targetProxy = 7AE18D8527BFB1F000F120D6 /* PBXContainerItemProxy */;
		};
/* End PBXTargetDependency section */

/* Begin XCBuildConfiguration section */
		7AE18D8C27BFB1F000F120D6 /* Debug */ = {
			isa = XCBuildConfiguration;
			buildSettings = {
				ALWAYS_SEARCH_USER_PATHS = NO;
				CLANG_ANALYZER_NONNULL = YES;
				CLANG_ANALYZER_NUMBER_OBJECT_CONVERSION = YES_AGGRESSIVE;
				CLANG_CXX_LANGUAGE_STANDARD = "gnu++17";
				CLANG_CXX_LIBRARY = "libc++";
				CLANG_ENABLE_MODULES = YES;
				CLANG_ENABLE_OBJC_ARC = YES;
				CLANG_ENABLE_OBJC_WEAK = YES;
				CLANG_WARN_BLOCK_CAPTURE_AUTORELEASING = YES;
				CLANG_WARN_BOOL_CONVERSION = YES;
				CLANG_WARN_COMMA = YES;
				CLANG_WARN_CONSTANT_CONVERSION = YES;
				CLANG_WARN_DEPRECATED_OBJC_IMPLEMENTATIONS = YES;
				CLANG_WARN_DIRECT_OBJC_ISA_USAGE = YES_ERROR;
				CLANG_WARN_DOCUMENTATION_COMMENTS = YES;
				CLANG_WARN_EMPTY_BODY = YES;
				CLANG_WARN_ENUM_CONVERSION = YES;
				CLANG_WARN_INFINITE_RECURSION = YES;
				CLANG_WARN_INT_CONVERSION = YES;
				CLANG_WARN_NON_LITERAL_NULL_CONVERSION = YES;
				CLANG_WARN_OBJC_IMPLICIT_RETAIN_SELF = YES;
				CLANG_WARN_OBJC_LITERAL_CONVERSION = YES;
				CLANG_WARN_OBJC_ROOT_CLASS = YES_ERROR;
				CLANG_WARN_QUOTED_INCLUDE_IN_FRAMEWORK_HEADER = YES;
				CLANG_WARN_RANGE_LOOP_ANALYSIS = YES;
				CLANG_WARN_STRICT_PROTOTYPES = YES;
				CLANG_WARN_SUSPICIOUS_MOVE = YES;
				CLANG_WARN_UNGUARDED_AVAILABILITY = YES_AGGRESSIVE;
				CLANG_WARN_UNREACHABLE_CODE = YES;
				CLANG_WARN__DUPLICATE_METHOD_MATCH = YES;
				COPY_PHASE_STRIP = NO;
				DEBUG_INFORMATION_FORMAT = dwarf;
				ENABLE_STRICT_OBJC_MSGSEND = YES;
				ENABLE_TESTABILITY = YES;
				GCC_C_LANGUAGE_STANDARD = gnu11;
				GCC_DYNAMIC_NO_PIC = NO;
				GCC_NO_COMMON_BLOCKS = YES;
				GCC_OPTIMIZATION_LEVEL = 0;
				GCC_PREPROCESSOR_DEFINITIONS = (
					"DEBUG=1",
					"$(inherited)",
				);
				GCC_WARN_64_TO_32_BIT_CONVERSION = YES;
				GCC_WARN_ABOUT_RETURN_TYPE = YES_ERROR;
				GCC_WARN_UNDECLARED_SELECTOR = YES;
				GCC_WARN_UNINITIALIZED_AUTOS = YES_AGGRESSIVE;
				GCC_WARN_UNUSED_FUNCTION = YES;
				GCC_WARN_UNUSED_VARIABLE = YES;
				IPHONEOS_DEPLOYMENT_TARGET = 15.2;
				MTL_ENABLE_DEBUG_INFO = INCLUDE_SOURCE;
				MTL_FAST_MATH = YES;
				ONLY_ACTIVE_ARCH = YES;
				SDKROOT = iphoneos;
				SWIFT_ACTIVE_COMPILATION_CONDITIONS = DEBUG;
				SWIFT_OPTIMIZATION_LEVEL = "-Onone";
			};
			name = Debug;
		};
		7AE18D8D27BFB1F000F120D6 /* Release */ = {
			isa = XCBuildConfiguration;
			buildSettings = {
				ALWAYS_SEARCH_USER_PATHS = NO;
				CLANG_ANALYZER_NONNULL = YES;
				CLANG_ANALYZER_NUMBER_OBJECT_CONVERSION = YES_AGGRESSIVE;
				CLANG_CXX_LANGUAGE_STANDARD = "gnu++17";
				CLANG_CXX_LIBRARY = "libc++";
				CLANG_ENABLE_MODULES = YES;
				CLANG_ENABLE_OBJC_ARC = YES;
				CLANG_ENABLE_OBJC_WEAK = YES;
				CLANG_WARN_BLOCK_CAPTURE_AUTORELEASING = YES;
				CLANG_WARN_BOOL_CONVERSION = YES;
				CLANG_WARN_COMMA = YES;
				CLANG_WARN_CONSTANT_CONVERSION = YES;
				CLANG_WARN_DEPRECATED_OBJC_IMPLEMENTATIONS = YES;
				CLANG_WARN_DIRECT_OBJC_ISA_USAGE = YES_ERROR;
				CLANG_WARN_DOCUMENTATION_COMMENTS = YES;
				CLANG_WARN_EMPTY_BODY = YES;
				CLANG_WARN_ENUM_CONVERSION = YES;
				CLANG_WARN_INFINITE_RECURSION = YES;
				CLANG_WARN_INT_CONVERSION = YES;
				CLANG_WARN_NON_LITERAL_NULL_CONVERSION = YES;
				CLANG_WARN_OBJC_IMPLICIT_RETAIN_SELF = YES;
				CLANG_WARN_OBJC_LITERAL_CONVERSION = YES;
				CLANG_WARN_OBJC_ROOT_CLASS = YES_ERROR;
				CLANG_WARN_QUOTED_INCLUDE_IN_FRAMEWORK_HEADER = YES;
				CLANG_WARN_RANGE_LOOP_ANALYSIS = YES;
				CLANG_WARN_STRICT_PROTOTYPES = YES;
				CLANG_WARN_SUSPICIOUS_MOVE = YES;
				CLANG_WARN_UNGUARDED_AVAILABILITY = YES_AGGRESSIVE;
				CLANG_WARN_UNREACHABLE_CODE = YES;
				CLANG_WARN__DUPLICATE_METHOD_MATCH = YES;
				COPY_PHASE_STRIP = NO;
				DEBUG_INFORMATION_FORMAT = "dwarf-with-dsym";
				ENABLE_NS_ASSERTIONS = NO;
				ENABLE_STRICT_OBJC_MSGSEND = YES;
				GCC_C_LANGUAGE_STANDARD = gnu11;
				GCC_NO_COMMON_BLOCKS = YES;
				GCC_WARN_64_TO_32_BIT_CONVERSION = YES;
				GCC_WARN_ABOUT_RETURN_TYPE = YES_ERROR;
				GCC_WARN_UNDECLARED_SELECTOR = YES;
				GCC_WARN_UNINITIALIZED_AUTOS = YES_AGGRESSIVE;
				GCC_WARN_UNUSED_FUNCTION = YES;
				GCC_WARN_UNUSED_VARIABLE = YES;
				IPHONEOS_DEPLOYMENT_TARGET = 15.2;
				MTL_ENABLE_DEBUG_INFO = NO;
				MTL_FAST_MATH = YES;
				SDKROOT = iphoneos;
				SWIFT_COMPILATION_MODE = wholemodule;
				SWIFT_OPTIMIZATION_LEVEL = "-O";
				VALIDATE_PRODUCT = YES;
			};
			name = Release;
		};
		7AE18D8F27BFB1F000F120D6 /* Debug */ = {
			isa = XCBuildConfiguration;
			buildSettings = {
				ASSETCATALOG_COMPILER_APPICON_NAME = AppIcon;
				ASSETCATALOG_COMPILER_GLOBAL_ACCENT_COLOR_NAME = AccentColor;
				CODE_SIGN_STYLE = Automatic;
				CURRENT_PROJECT_VERSION = 1;
				DEVELOPMENT_ASSET_PATHS = "\"ExpenseTracker/Preview Content\"";
				DEVELOPMENT_TEAM = UG4UDFGQLX;
				ENABLE_PREVIEWS = YES;
				GENERATE_INFOPLIST_FILE = YES;
				INFOPLIST_KEY_UIApplicationSceneManifest_Generation = YES;
				INFOPLIST_KEY_UIApplicationSupportsIndirectInputEvents = YES;
				INFOPLIST_KEY_UILaunchScreen_Generation = YES;
				INFOPLIST_KEY_UISupportedInterfaceOrientations = UIInterfaceOrientationPortrait;
				INFOPLIST_KEY_UISupportedInterfaceOrientations_iPad = "UIInterfaceOrientationPortrait UIInterfaceOrientationPortraitUpsideDown UIInterfaceOrientationLandscapeLeft UIInterfaceOrientationLandscapeRight";
				INFOPLIST_KEY_UISupportedInterfaceOrientations_iPhone = "UIInterfaceOrientationPortrait UIInterfaceOrientationLandscapeLeft UIInterfaceOrientationLandscapeRight";
				LD_RUNPATH_SEARCH_PATHS = (
					"$(inherited)",
					"@executable_path/Frameworks",
				);
				MARKETING_VERSION = 1.0;
				PRODUCT_BUNDLE_IDENTIFIER = generowicz.ExpenseTracker;
				PRODUCT_NAME = "$(TARGET_NAME)";
				SWIFT_EMIT_LOC_STRINGS = YES;
				SWIFT_VERSION = 5.0;
				TARGETED_DEVICE_FAMILY = 1;
			};
			name = Debug;
		};
		7AE18D9027BFB1F000F120D6 /* Release */ = {
			isa = XCBuildConfiguration;
			buildSettings = {
				ASSETCATALOG_COMPILER_APPICON_NAME = AppIcon;
				ASSETCATALOG_COMPILER_GLOBAL_ACCENT_COLOR_NAME = AccentColor;
				CODE_SIGN_STYLE = Automatic;
				CURRENT_PROJECT_VERSION = 1;
				DEVELOPMENT_ASSET_PATHS = "\"ExpenseTracker/Preview Content\"";
				DEVELOPMENT_TEAM = UG4UDFGQLX;
				ENABLE_PREVIEWS = YES;
				GENERATE_INFOPLIST_FILE = YES;
				INFOPLIST_KEY_UIApplicationSceneManifest_Generation = YES;
				INFOPLIST_KEY_UIApplicationSupportsIndirectInputEvents = YES;
				INFOPLIST_KEY_UILaunchScreen_Generation = YES;
				INFOPLIST_KEY_UISupportedInterfaceOrientations = UIInterfaceOrientationPortrait;
				INFOPLIST_KEY_UISupportedInterfaceOrientations_iPad = "UIInterfaceOrientationPortrait UIInterfaceOrientationPortraitUpsideDown UIInterfaceOrientationLandscapeLeft UIInterfaceOrientationLandscapeRight";
				INFOPLIST_KEY_UISupportedInterfaceOrientations_iPhone = "UIInterfaceOrientationPortrait UIInterfaceOrientationLandscapeLeft UIInterfaceOrientationLandscapeRight";
				LD_RUNPATH_SEARCH_PATHS = (
					"$(inherited)",
					"@executable_path/Frameworks",
				);
				MARKETING_VERSION = 1.0;
				PRODUCT_BUNDLE_IDENTIFIER = generowicz.ExpenseTracker;
				PRODUCT_NAME = "$(TARGET_NAME)";
				SWIFT_EMIT_LOC_STRINGS = YES;
				SWIFT_VERSION = 5.0;
				TARGETED_DEVICE_FAMILY = 1;
			};
			name = Release;
		};
		7AE18D9227BFB1F000F120D6 /* Debug */ = {
			isa = XCBuildConfiguration;
			buildSettings = {
				ALWAYS_EMBED_SWIFT_STANDARD_LIBRARIES = YES;
				BUNDLE_LOADER = "$(TEST_HOST)";
				CODE_SIGN_STYLE = Automatic;
				CURRENT_PROJECT_VERSION = 1;
				DEVELOPMENT_TEAM = UG4UDFGQLX;
				GENERATE_INFOPLIST_FILE = YES;
				IPHONEOS_DEPLOYMENT_TARGET = 15.2;
				MARKETING_VERSION = 1.0;
				PRODUCT_BUNDLE_IDENTIFIER = generowicz.ExpenseTrackerTests;
				PRODUCT_NAME = "$(TARGET_NAME)";
				SWIFT_EMIT_LOC_STRINGS = NO;
				SWIFT_VERSION = 5.0;
				TARGETED_DEVICE_FAMILY = "1,2";
				TEST_HOST = "$(BUILT_PRODUCTS_DIR)/ExpenseTracker.app/ExpenseTracker";
			};
			name = Debug;
		};
		7AE18D9327BFB1F000F120D6 /* Release */ = {
			isa = XCBuildConfiguration;
			buildSettings = {
				ALWAYS_EMBED_SWIFT_STANDARD_LIBRARIES = YES;
				BUNDLE_LOADER = "$(TEST_HOST)";
				CODE_SIGN_STYLE = Automatic;
				CURRENT_PROJECT_VERSION = 1;
				DEVELOPMENT_TEAM = UG4UDFGQLX;
				GENERATE_INFOPLIST_FILE = YES;
				IPHONEOS_DEPLOYMENT_TARGET = 15.2;
				MARKETING_VERSION = 1.0;
				PRODUCT_BUNDLE_IDENTIFIER = generowicz.ExpenseTrackerTests;
				PRODUCT_NAME = "$(TARGET_NAME)";
				SWIFT_EMIT_LOC_STRINGS = NO;
				SWIFT_VERSION = 5.0;
				TARGETED_DEVICE_FAMILY = "1,2";
				TEST_HOST = "$(BUILT_PRODUCTS_DIR)/ExpenseTracker.app/ExpenseTracker";
			};
			name = Release;
		};
		7AE18D9527BFB1F000F120D6 /* Debug */ = {
			isa = XCBuildConfiguration;
			buildSettings = {
				ALWAYS_EMBED_SWIFT_STANDARD_LIBRARIES = YES;
				CODE_SIGN_STYLE = Automatic;
				CURRENT_PROJECT_VERSION = 1;
				DEVELOPMENT_TEAM = UG4UDFGQLX;
				GENERATE_INFOPLIST_FILE = YES;
				MARKETING_VERSION = 1.0;
				PRODUCT_BUNDLE_IDENTIFIER = generowicz.ExpenseTrackerUITests;
				PRODUCT_NAME = "$(TARGET_NAME)";
				SWIFT_EMIT_LOC_STRINGS = NO;
				SWIFT_VERSION = 5.0;
				TARGETED_DEVICE_FAMILY = "1,2";
				TEST_TARGET_NAME = ExpenseTracker;
			};
			name = Debug;
		};
		7AE18D9627BFB1F000F120D6 /* Release */ = {
			isa = XCBuildConfiguration;
			buildSettings = {
				ALWAYS_EMBED_SWIFT_STANDARD_LIBRARIES = YES;
				CODE_SIGN_STYLE = Automatic;
				CURRENT_PROJECT_VERSION = 1;
				DEVELOPMENT_TEAM = UG4UDFGQLX;
				GENERATE_INFOPLIST_FILE = YES;
				MARKETING_VERSION = 1.0;
				PRODUCT_BUNDLE_IDENTIFIER = generowicz.ExpenseTrackerUITests;
				PRODUCT_NAME = "$(TARGET_NAME)";
				SWIFT_EMIT_LOC_STRINGS = NO;
				SWIFT_VERSION = 5.0;
				TARGETED_DEVICE_FAMILY = "1,2";
				TEST_TARGET_NAME = ExpenseTracker;
			};
			name = Release;
		};
/* End XCBuildConfiguration section */

/* Begin XCConfigurationList section */
		7AE18D6027BFB1E100F120D6 /* Build configuration list for PBXProject "ExpenseTracker" */ = {
			isa = XCConfigurationList;
			buildConfigurations = (
				7AE18D8C27BFB1F000F120D6 /* Debug */,
				7AE18D8D27BFB1F000F120D6 /* Release */,
			);
			defaultConfigurationIsVisible = 0;
			defaultConfigurationName = Release;
		};
		7AE18D8E27BFB1F000F120D6 /* Build configuration list for PBXNativeTarget "ExpenseTracker" */ = {
			isa = XCConfigurationList;
			buildConfigurations = (
				7AE18D8F27BFB1F000F120D6 /* Debug */,
				7AE18D9027BFB1F000F120D6 /* Release */,
			);
			defaultConfigurationIsVisible = 0;
			defaultConfigurationName = Release;
		};
		7AE18D9127BFB1F000F120D6 /* Build configuration list for PBXNativeTarget "ExpenseTrackerTests" */ = {
			isa = XCConfigurationList;
			buildConfigurations = (
				7AE18D9227BFB1F000F120D6 /* Debug */,
				7AE18D9327BFB1F000F120D6 /* Release */,
			);
			defaultConfigurationIsVisible = 0;
			defaultConfigurationName = Release;
		};
		7AE18D9427BFB1F000F120D6 /* Build configuration list for PBXNativeTarget "ExpenseTrackerUITests" */ = {
			isa = XCConfigurationList;
			buildConfigurations = (
				7AE18D9527BFB1F000F120D6 /* Debug */,
				7AE18D9627BFB1F000F120D6 /* Release */,
			);
			defaultConfigurationIsVisible = 0;
			defaultConfigurationName = Release;
		};
/* End XCConfigurationList section */

/* Begin XCVersionGroup section */
		7A20743727CA7E3C0078180C /* ExpenseTracker.xcdatamodeld */ = {
			isa = XCVersionGroup;
			children = (
				7A20743827CA7E3C0078180C /* ExpenseTracker.xcdatamodel */,
			);
			currentVersion = 7A20743827CA7E3C0078180C /* ExpenseTracker.xcdatamodel */;
			name = ExpenseTracker.xcdatamodeld;
			path = Model/CoreData/ExpenseTracker.xcdatamodeld;
			sourceTree = "<group>";
			versionGroupType = wrapper.xcdatamodel;
		};
/* End XCVersionGroup section */
	};
	rootObject = 7AE18D5D27BFB1E100F120D6 /* Project object */;
}
